
Microsoft Visual Studio Solution File, Format Version 12.00
Project("{FAE04EC0-301F-11D3-BF4B-00C04F79EFBC}") = "Moonlight.Example", "srcs\Moonlight.Example\Moonlight.Example.csproj", "{28EDEDB4-8EC5-4E44-B6CC-21637492D063}"
EndProject
Global
	GlobalSection(SolutionConfigurationPlatforms) = preSolution
		Debug|Any CPU = Debug|Any CPU
		Release|Any CPU = Release|Any CPU
	EndGlobalSection
	GlobalSection(ProjectConfigurationPlatforms) = postSolution
		{28EDEDB4-8EC5-4E44-B6CC-21637492D063}.Debug|Any CPU.ActiveCfg = Debug|Any CPU
		{28EDEDB4-8EC5-4E44-B6CC-21637492D063}.Debug|Any CPU.Build.0 = Debug|Any CPU
		{28EDEDB4-8EC5-4E44-B6CC-21637492D063}.Release|Any CPU.ActiveCfg = Release|Any CPU
		{28EDEDB4-8EC5-4E44-B6CC-21637492D063}.Release|Any CPU.Build.0 = Release|Any CPU
	EndGlobalSection
EndGlobal
